// !$*UTF8*$!
{
	archiveVersion = 1;
	classes = {
	};
	objectVersion = 50;
	objects = {

/* Begin PBXBuildFile section */
		A2386AFB253B756400419377 /* xxh_x86dispatch.c in Sources */ = {isa = PBXBuildFile; fileRef = A2386AF6253B756300419377 /* xxh_x86dispatch.c */; };
		A2386AFC253B756400419377 /* xxhsum.c in Sources */ = {isa = PBXBuildFile; fileRef = A2386AF7253B756300419377 /* xxhsum.c */; };
		A2386AFD253B756400419377 /* xxhash.c in Sources */ = {isa = PBXBuildFile; fileRef = A2386AF8253B756300419377 /* xxhash.c */; };
		A2386B06253B759600419377 /* xsum_output.c in Sources */ = {isa = PBXBuildFile; fileRef = A2386AFF253B759600419377 /* xsum_output.c */; };
		A2386B07253B759600419377 /* xsum_sanity_check.c in Sources */ = {isa = PBXBuildFile; fileRef = A2386B00253B759600419377 /* xsum_sanity_check.c */; };
		A2386B08253B759600419377 /* xsum_os_specific.c in Sources */ = {isa = PBXBuildFile; fileRef = A2386B05253B759600419377 /* xsum_os_specific.c */; };
/* End PBXBuildFile section */

/* Begin PBXCopyFilesBuildPhase section */
		A2386AE9253B751B00419377 /* CopyFiles */ = {
			isa = PBXCopyFilesBuildPhase;
			buildActionMask = 2147483647;
			dstPath = /usr/share/man/man1/;
			dstSubfolderSpec = 0;
			files = (
			);
			runOnlyForDeploymentPostprocessing = 1;
		};
/* End PBXCopyFilesBuildPhase section */

/* Begin PBXFileReference section */
		A2386AEB253B751B00419377 /* Test */ = {isa = PBXFileReference; explicitFileType = "compiled.mach-o.executable"; includeInIndex = 0; path = Test; sourceTree = BUILT_PRODUCTS_DIR; };
		A2386AF5253B756300419377 /* xxh_x86dispatch.h */ = {isa = PBXFileReference; fileEncoding = 4; lastKnownFileType = sourcecode.c.h; path = xxh_x86dispatch.h; sourceTree = "<group>"; };
		A2386AF6253B756300419377 /* xxh_x86dispatch.c */ = {isa = PBXFileReference; fileEncoding = 4; lastKnownFileType = sourcecode.c.c; path = xxh_x86dispatch.c; sourceTree = "<group>"; };
		A2386AF7253B756300419377 /* xxhsum.c */ = {isa = PBXFileReference; fileEncoding = 4; lastKnownFileType = sourcecode.c.c; path = xxhsum.c; sourceTree = "<group>"; };
		A2386AF8253B756300419377 /* xxhash.c */ = {isa = PBXFileReference; fileEncoding = 4; lastKnownFileType = sourcecode.c.c; path = xxhash.c; sourceTree = "<group>"; };
		A2386AF9253B756400419377 /* xxhash.h */ = {isa = PBXFileReference; fileEncoding = 4; lastKnownFileType = sourcecode.c.h; path = xxhash.h; sourceTree = "<group>"; };
		A2386AFA253B756400419377 /* xxh3.h */ = {isa = PBXFileReference; fileEncoding = 4; lastKnownFileType = sourcecode.c.h; path = xxh3.h; sourceTree = "<group>"; };
		A2386AFE253B759500419377 /* xsum_sanity_check.h */ = {isa = PBXFileReference; fileEncoding = 4; lastKnownFileType = sourcecode.c.h; path = xsum_sanity_check.h; sourceTree = "<group>"; };
		A2386AFF253B759600419377 /* xsum_output.c */ = {isa = PBXFileReference; fileEncoding = 4; lastKnownFileType = sourcecode.c.c; path = xsum_output.c; sourceTree = "<group>"; };
		A2386B00253B759600419377 /* xsum_sanity_check.c */ = {isa = PBXFileReference; fileEncoding = 4; lastKnownFileType = sourcecode.c.c; path = xsum_sanity_check.c; sourceTree = "<group>"; };
		A2386B01253B759600419377 /* xsum_output.h */ = {isa = PBXFileReference; fileEncoding = 4; lastKnownFileType = sourcecode.c.h; path = xsum_output.h; sourceTree = "<group>"; };
		A2386B02253B759600419377 /* xsum_arch.h */ = {isa = PBXFileReference; fileEncoding = 4; lastKnownFileType = sourcecode.c.h; path = xsum_arch.h; sourceTree = "<group>"; };
		A2386B03253B759600419377 /* xsum_os_specific.h */ = {isa = PBXFileReference; fileEncoding = 4; lastKnownFileType = sourcecode.c.h; path = xsum_os_specific.h; sourceTree = "<group>"; };
		A2386B04253B759600419377 /* xsum_config.h */ = {isa = PBXFileReference; fileEncoding = 4; lastKnownFileType = sourcecode.c.h; path = xsum_config.h; sourceTree = "<group>"; };
		A2386B05253B759600419377 /* xsum_os_specific.c */ = {isa = PBXFileReference; fileEncoding = 4; lastKnownFileType = sourcecode.c.c; path = xsum_os_specific.c; sourceTree = "<group>"; };
/* End PBXFileReference section */

/* Begin PBXFrameworksBuildPhase section */
		A2386AE8253B751B00419377 /* Frameworks */ = {
			isa = PBXFrameworksBuildPhase;
			buildActionMask = 2147483647;
			files = (
			);
			runOnlyForDeploymentPostprocessing = 0;
		};
/* End PBXFrameworksBuildPhase section */

/* Begin PBXGroup section */
		A2386AE2253B751B00419377 = {
			isa = PBXGroup;
			children = (
				A2386AED253B751B00419377 /* Test */,
				A2386AEC253B751B00419377 /* Products */,
			);
			sourceTree = "<group>";
		};
		A2386AEC253B751B00419377 /* Products */ = {
			isa = PBXGroup;
			children = (
				A2386AEB253B751B00419377 /* Test */,
			);
			name = Products;
			sourceTree = "<group>";
		};
		A2386AED253B751B00419377 /* Test */ = {
			isa = PBXGroup;
			children = (
				A2386B02253B759600419377 /* xsum_arch.h */,
				A2386B04253B759600419377 /* xsum_config.h */,
				A2386B05253B759600419377 /* xsum_os_specific.c */,
				A2386B03253B759600419377 /* xsum_os_specific.h */,
				A2386AFF253B759600419377 /* xsum_output.c */,
				A2386B01253B759600419377 /* xsum_output.h */,
				A2386B00253B759600419377 /* xsum_sanity_check.c */,
				A2386AFE253B759500419377 /* xsum_sanity_check.h */,
				A2386AF6253B756300419377 /* xxh_x86dispatch.c */,
				A2386AF5253B756300419377 /* xxh_x86dispatch.h */,
				A2386AFA253B756400419377 /* xxh3.h */,
				A2386AF8253B756300419377 /* xxhash.c */,
				A2386AF9253B756400419377 /* xxhash.h */,
				A2386AF7253B756300419377 /* xxhsum.c */,
			);
			path = Test;
			sourceTree = "<group>";
		};
/* End PBXGroup section */

/* Begin PBXNativeTarget section */
		A2386AEA253B751B00419377 /* Test */ = {
			isa = PBXNativeTarget;
			buildConfigurationList = A2386AF2253B751B00419377 /* Build configuration list for PBXNativeTarget "Test" */;
			buildPhases = (
				A2386AE7253B751B00419377 /* Sources */,
				A2386AE8253B751B00419377 /* Frameworks */,
				A2386AE9253B751B00419377 /* CopyFiles */,
			);
			buildRules = (
			);
			dependencies = (
			);
			name = Test;
			productName = Test;
			productReference = A2386AEB253B751B00419377 /* Test */;
			productType = "com.apple.product-type.tool";
		};
/* End PBXNativeTarget section */

/* Begin PBXProject section */
		A2386AE3253B751B00419377 /* Project object */ = {
			isa = PBXProject;
			attributes = {
				LastUpgradeCheck = 1170;
				ORGANIZATIONNAME = "Muhammad Abrar";
				TargetAttributes = {
					A2386AEA253B751B00419377 = {
						CreatedOnToolsVersion = 11.7;
					};
				};
			};
			buildConfigurationList = A2386AE6253B751B00419377 /* Build configuration list for PBXProject "Test" */;
			compatibilityVersion = "Xcode 9.3";
			developmentRegion = en;
			hasScannedForEncodings = 0;
			knownRegions = (
				en,
				Base,
			);
			mainGroup = A2386AE2253B751B00419377;
			productRefGroup = A2386AEC253B751B00419377 /* Products */;
			projectDirPath = "";
			projectRoot = "";
			targets = (
				A2386AEA253B751B00419377 /* Test */,
			);
		};
/* End PBXProject section */

/* Begin PBXSourcesBuildPhase section */
		A2386AE7253B751B00419377 /* Sources */ = {
			isa = PBXSourcesBuildPhase;
			buildActionMask = 2147483647;
			files = (
				A2386B07253B759600419377 /* xsum_sanity_check.c in Sources */,
				A2386AFD253B756400419377 /* xxhash.c in Sources */,
				A2386B06253B759600419377 /* xsum_output.c in Sources */,
				A2386AFC253B756400419377 /* xxhsum.c in Sources */,
				A2386B08253B759600419377 /* xsum_os_specific.c in Sources */,
				A2386AFB253B756400419377 /* xxh_x86dispatch.c in Sources */,
			);
			runOnlyForDeploymentPostprocessing = 0;
		};
/* End PBXSourcesBuildPhase section */

/* Begin XCBuildConfiguration section */
		A2386AF0253B751B00419377 /* Debug */ = {
			isa = XCBuildConfiguration;
			buildSettings = {
				ALWAYS_SEARCH_USER_PATHS = NO;
				CLANG_ANALYZER_NONNULL = YES;
				CLANG_ANALYZER_NUMBER_OBJECT_CONVERSION = YES_AGGRESSIVE;
				CLANG_CXX_LANGUAGE_STANDARD = "gnu++14";
				CLANG_CXX_LIBRARY = "libc++";
				CLANG_ENABLE_MODULES = YES;
				CLANG_ENABLE_OBJC_ARC = YES;
				CLANG_ENABLE_OBJC_WEAK = YES;
				CLANG_WARN_BLOCK_CAPTURE_AUTORELEASING = YES;
				CLANG_WARN_BOOL_CONVERSION = YES;
				CLANG_WARN_COMMA = YES;
				CLANG_WARN_CONSTANT_CONVERSION = YES;
				CLANG_WARN_DEPRECATED_OBJC_IMPLEMENTATIONS = YES;
				CLANG_WARN_DIRECT_OBJC_ISA_USAGE = YES_ERROR;
				CLANG_WARN_DOCUMENTATION_COMMENTS = YES;
				CLANG_WARN_EMPTY_BODY = YES;
				CLANG_WARN_ENUM_CONVERSION = YES;
				CLANG_WARN_INFINITE_RECURSION = YES;
				CLANG_WARN_INT_CONVERSION = YES;
				CLANG_WARN_NON_LITERAL_NULL_CONVERSION = YES;
				CLANG_WARN_OBJC_IMPLICIT_RETAIN_SELF = YES;
				CLANG_WARN_OBJC_LITERAL_CONVERSION = YES;
				CLANG_WARN_OBJC_ROOT_CLASS = YES_ERROR;
				CLANG_WARN_RANGE_LOOP_ANALYSIS = YES;
				CLANG_WARN_STRICT_PROTOTYPES = YES;
				CLANG_WARN_SUSPICIOUS_MOVE = YES;
				CLANG_WARN_UNGUARDED_AVAILABILITY = YES_AGGRESSIVE;
				CLANG_WARN_UNREACHABLE_CODE = YES;
				CLANG_WARN__DUPLICATE_METHOD_MATCH = YES;
				COPY_PHASE_STRIP = NO;
				DEBUG_INFORMATION_FORMAT = dwarf;
				ENABLE_STRICT_OBJC_MSGSEND = YES;
				ENABLE_TESTABILITY = YES;
				GCC_C_LANGUAGE_STANDARD = gnu11;
				GCC_DYNAMIC_NO_PIC = NO;
				GCC_NO_COMMON_BLOCKS = YES;
				GCC_OPTIMIZATION_LEVEL = 0;
				GCC_PREPROCESSOR_DEFINITIONS = (
					"DEBUG=1",
					"$(inherited)",
				);
				GCC_WARN_64_TO_32_BIT_CONVERSION = YES;
				GCC_WARN_ABOUT_RETURN_TYPE = YES_ERROR;
				GCC_WARN_UNDECLARED_SELECTOR = YES;
				GCC_WARN_UNINITIALIZED_AUTOS = YES_AGGRESSIVE;
				GCC_WARN_UNUSED_FUNCTION = YES;
				GCC_WARN_UNUSED_VARIABLE = YES;
				MACOSX_DEPLOYMENT_TARGET = 10.15;
				MTL_ENABLE_DEBUG_INFO = INCLUDE_SOURCE;
				MTL_FAST_MATH = YES;
				ONLY_ACTIVE_ARCH = YES;
				SDKROOT = macosx;
			};
			name = Debug;
		};
		A2386AF1253B751B00419377 /* Release */ = {
			isa = XCBuildConfiguration;
			buildSettings = {
				ALWAYS_SEARCH_USER_PATHS = NO;
				CLANG_ANALYZER_NONNULL = YES;
				CLANG_ANALYZER_NUMBER_OBJECT_CONVERSION = YES_AGGRESSIVE;
				CLANG_CXX_LANGUAGE_STANDARD = "gnu++14";
				CLANG_CXX_LIBRARY = "libc++";
				CLANG_ENABLE_MODULES = YES;
				CLANG_ENABLE_OBJC_ARC = YES;
				CLANG_ENABLE_OBJC_WEAK = YES;
				CLANG_WARN_BLOCK_CAPTURE_AUTORELEASING = YES;
				CLANG_WARN_BOOL_CONVERSION = YES;
				CLANG_WARN_COMMA = YES;
				CLANG_WARN_CONSTANT_CONVERSION = YES;
				CLANG_WARN_DEPRECATED_OBJC_IMPLEMENTATIONS = YES;
				CLANG_WARN_DIRECT_OBJC_ISA_USAGE = YES_ERROR;
				CLANG_WARN_DOCUMENTATION_COMMENTS = YES;
				CLANG_WARN_EMPTY_BODY = YES;
				CLANG_WARN_ENUM_CONVERSION = YES;
				CLANG_WARN_INFINITE_RECURSION = YES;
				CLANG_WARN_INT_CONVERSION = YES;
				CLANG_WARN_NON_LITERAL_NULL_CONVERSION = YES;
				CLANG_WARN_OBJC_IMPLICIT_RETAIN_SELF = YES;
				CLANG_WARN_OBJC_LITERAL_CONVERSION = YES;
				CLANG_WARN_OBJC_ROOT_CLASS = YES_ERROR;
				CLANG_WARN_RANGE_LOOP_ANALYSIS = YES;
				CLANG_WARN_STRICT_PROTOTYPES = YES;
				CLANG_WARN_SUSPICIOUS_MOVE = YES;
				CLANG_WARN_UNGUARDED_AVAILABILITY = YES_AGGRESSIVE;
				CLANG_WARN_UNREACHABLE_CODE = YES;
				CLANG_WARN__DUPLICATE_METHOD_MATCH = YES;
				COPY_PHASE_STRIP = NO;
				DEBUG_INFORMATION_FORMAT = "dwarf-with-dsym";
				ENABLE_NS_ASSERTIONS = NO;
				ENABLE_STRICT_OBJC_MSGSEND = YES;
				GCC_C_LANGUAGE_STANDARD = gnu11;
				GCC_NO_COMMON_BLOCKS = YES;
				GCC_WARN_64_TO_32_BIT_CONVERSION = YES;
				GCC_WARN_ABOUT_RETURN_TYPE = YES_ERROR;
				GCC_WARN_UNDECLARED_SELECTOR = YES;
				GCC_WARN_UNINITIALIZED_AUTOS = YES_AGGRESSIVE;
				GCC_WARN_UNUSED_FUNCTION = YES;
				GCC_WARN_UNUSED_VARIABLE = YES;
				MACOSX_DEPLOYMENT_TARGET = 10.15;
				MTL_ENABLE_DEBUG_INFO = NO;
				MTL_FAST_MATH = YES;
				SDKROOT = macosx;
			};
			name = Release;
		};
		A2386AF3253B751B00419377 /* Debug */ = {
			isa = XCBuildConfiguration;
			buildSettings = {
				CODE_SIGN_STYLE = Automatic;
				DEVELOPMENT_TEAM = JWDCNYZ922;
				ENABLE_HARDENED_RUNTIME = YES;
				PRODUCT_NAME = "$(TARGET_NAME)";
			};
			name = Debug;
		};
		A2386AF4253B751B00419377 /* Release */ = {
			isa = XCBuildConfiguration;
			buildSettings = {
				CODE_SIGN_STYLE = Automatic;
				DEVELOPMENT_TEAM = JWDCNYZ922;
				ENABLE_HARDENED_RUNTIME = YES;
				PRODUCT_NAME = "$(TARGET_NAME)";
			};
			name = Release;
		};
/* End XCBuildConfiguration section */

/* Begin XCConfigurationList section */
		A2386AE6253B751B00419377 /* Build configuration list for PBXProject "Test" */ = {
			isa = XCConfigurationList;
			buildConfigurations = (
				A2386AF0253B751B00419377 /* Debug */,
				A2386AF1253B751B00419377 /* Release */,
			);
			defaultConfigurationIsVisible = 0;
			defaultConfigurationName = Release;
		};
		A2386AF2253B751B00419377 /* Build configuration list for PBXNativeTarget "Test" */ = {
			isa = XCConfigurationList;
			buildConfigurations = (
				A2386AF3253B751B00419377 /* Debug */,
				A2386AF4253B751B00419377 /* Release */,
			);
			defaultConfigurationIsVisible = 0;
			defaultConfigurationName = Release;
		};
/* End XCConfigurationList section */
	};
	rootObject = A2386AE3253B751B00419377 /* Project object */;
}
